
Microsoft Visual Studio Solution File, Format Version 12.00
# Visual Studio Version 16
VisualStudioVersion = 16.0.29920.165
MinimumVisualStudioVersion = 10.0.40219.1
Project("{FAE04EC0-301F-11D3-BF4B-00C04F79EFBC}") = "Graph", "Graph\Graph.csproj", "{1583BC7D-3E4C-4716-A11C-ABC6E2348FCF}"
EndProject
Project("{FAE04EC0-301F-11D3-BF4B-00C04F79EFBC}") = "routes", "routes\routes.csproj", "{00E758F8-A944-4754-9442-AB74F091B08C}"
EndProject
Global
	GlobalSection(SolutionConfigurationPlatforms) = preSolution
		Debug|Any CPU = Debug|Any CPU
		Release|Any CPU = Release|Any CPU
	EndGlobalSection
	GlobalSection(ProjectConfigurationPlatforms) = postSolution
		{1583BC7D-3E4C-4716-A11C-ABC6E2348FCF}.Debug|Any CPU.ActiveCfg = Debug|Any CPU
		{1583BC7D-3E4C-4716-A11C-ABC6E2348FCF}.Debug|Any CPU.Build.0 = Debug|Any CPU
		{1583BC7D-3E4C-4716-A11C-ABC6E2348FCF}.Release|Any CPU.ActiveCfg = Release|Any CPU
		{1583BC7D-3E4C-4716-A11C-ABC6E2348FCF}.Release|Any CPU.Build.0 = Release|Any CPU
		{00E758F8-A944-4754-9442-AB74F091B08C}.Debug|Any CPU.ActiveCfg = Debug|Any CPU
		{00E758F8-A944-4754-9442-AB74F091B08C}.Debug|Any CPU.Build.0 = Debug|Any CPU
		{00E758F8-A944-4754-9442-AB74F091B08C}.Release|Any CPU.ActiveCfg = Release|Any CPU
		{00E758F8-A944-4754-9442-AB74F091B08C}.Release|Any CPU.Build.0 = Release|Any CPU
	EndGlobalSection
	GlobalSection(SolutionProperties) = preSolution
		HideSolutionNode = FALSE
	EndGlobalSection
	GlobalSection(ExtensibilityGlobals) = postSolution
		SolutionGuid = {67F307D4-FE85-488D-B855-305550667BD2}
	EndGlobalSection
EndGlobal
